
Microsoft Visual Studio Solution File, Format Version 12.00
# Visual Studio Version 17
VisualStudioVersion = 17.5.33414.496
MinimumVisualStudioVersion = 10.0.40219.1
Project("{9A19103F-16F7-4668-BE54-9A1E7A4F7556}") = "SpeedBoot.System", "src\SpeedBoot.System\SpeedBoot.System.csproj", "{97D7F8FE-DEC8-4336-9E3C-25EA90B0251B}"
EndProject
Project("{2150E333-8FDC-42A3-9474-1A3956D46DE8}") = "solution items", "solution items", "{9EBF767D-3E8F-42F4-AF87-554DC0B20FF1}"
	ProjectSection(SolutionItems) = preProject
		.editorconfig = .editorconfig
		.gitignore = .gitignore
		Directory.Build.props = Directory.Build.props
		LICENSE.md = LICENSE.md
		packageIcon.png = packageIcon.png
		README.md = README.md
		README.zh-CN.md = README.zh-CN.md
	EndProjectSection
EndProject
Project("{2150E333-8FDC-42A3-9474-1A3956D46DE8}") = "src", "src", "{20AF2DF3-F2E9-436E-BA4B-CE94C510E510}"
EndProject
Project("{9A19103F-16F7-4668-BE54-9A1E7A4F7556}") = "SpeedBoot.SourceGenerator", "src\SpeedBoot.SourceGenerator\SpeedBoot.SourceGenerator.csproj", "{CAD2A17D-391E-4D5C-AE9F-A4F0815536D2}"
EndProject
Project("{2150E333-8FDC-42A3-9474-1A3956D46DE8}") = "test", "test", "{216801A8-02DC-4AF4-9448-E13902585583}"
EndProject
Project("{FAE04EC0-301F-11D3-BF4B-00C04F79EFBC}") = "SpeedBoot.System.Tests", "test\SpeedBoot.System.Tests\SpeedBoot.System.Tests.csproj", "{FDDD0431-FEF6-4F7A-BEC3-1730156C4412}"
EndProject
Project("{FAE04EC0-301F-11D3-BF4B-00C04F79EFBC}") = "SpeedBoot.AspNetCore", "src\SpeedBoot.AspNetCore\SpeedBoot.AspNetCore.csproj", "{7F12A07A-84EA-43ED-8FF2-7A0C3FCDFC48}"
EndProject
Project("{2150E333-8FDC-42A3-9474-1A3956D46DE8}") = "DependencyInjection", "DependencyInjection", "{103B4A55-CC90-4F4A-ABDE-B1220FD9E1A9}"
EndProject
Project("{FAE04EC0-301F-11D3-BF4B-00C04F79EFBC}") = "SpeedBoot.Core", "src\SpeedBoot.Core\SpeedBoot.Core.csproj", "{401CC389-7E37-4233-AE25-ACAA1EA112EF}"
EndProject
Project("{FAE04EC0-301F-11D3-BF4B-00C04F79EFBC}") = "SpeedBoot.Core.Tests", "test\SpeedBoot.Core.Tests\SpeedBoot.Core.Tests.csproj", "{CBCAA7AE-FDB9-44CA-BAE0-713E7BA308B7}"
EndProject
Project("{2150E333-8FDC-42A3-9474-1A3956D46DE8}") = "Security", "Security", "{92D5D433-ED0F-4618-AE59-09400959D683}"
EndProject
Project("{FAE04EC0-301F-11D3-BF4B-00C04F79EFBC}") = "SpeedBoot.Security.Cryptography", "src\Security\SpeedBoot.Security.Cryptography\SpeedBoot.Security.Cryptography.csproj", "{EB69FC7C-1F09-49BD-9439-3D03CC6A3A56}"
EndProject
Project("{2150E333-8FDC-42A3-9474-1A3956D46DE8}") = "Extensions", "Extensions", "{D05AAB2C-DBFA-441F-A6EB-8A4022170CF4}"
EndProject
Project("{FAE04EC0-301F-11D3-BF4B-00C04F79EFBC}") = "SpeedBoot.Extensions.Configuration", "src\Extensions\SpeedBoot.Extensions.Configuration\SpeedBoot.Extensions.Configuration.csproj", "{5D4F14CD-A269-468C-96F9-7DCBFE7A902D}"
EndProject
Project("{FAE04EC0-301F-11D3-BF4B-00C04F79EFBC}") = "SpeedBoot.Extensions.DependencyInjection.Abstractions", "src\Extensions\SpeedBoot.Extensions.DependencyInjection.Abstractions\SpeedBoot.Extensions.DependencyInjection.Abstractions.csproj", "{10CB5528-9824-42D7-A52E-95463A3CEA05}"
EndProject
Project("{FAE04EC0-301F-11D3-BF4B-00C04F79EFBC}") = "SpeedBoot.Extensions.DependencyInjection", "src\Extensions\SpeedBoot.Extensions.DependencyInjection\SpeedBoot.Extensions.DependencyInjection.csproj", "{A61F798B-B910-4DFE-8D00-B19B290AFDED}"
EndProject
Project("{2150E333-8FDC-42A3-9474-1A3956D46DE8}") = "ObjectStorage", "ObjectStorage", "{5AE8DCA0-484F-4E69-BDDF-A2950F7011FD}"
EndProject
Project("{FAE04EC0-301F-11D3-BF4B-00C04F79EFBC}") = "SpeedBoot.ObjectStorage.Abstractions", "src\ObjectStorage\SpeedBoot.ObjectStorage.Abstractions\SpeedBoot.ObjectStorage.Abstractions.csproj", "{FDD2BE46-D3F9-4677-8408-BA0A94F8A55C}"
EndProject
Project("{FAE04EC0-301F-11D3-BF4B-00C04F79EFBC}") = "SpeedBoot.ObjectStorage.Aliyun", "src\ObjectStorage\SpeedBoot.ObjectStorage.Aliyun\SpeedBoot.ObjectStorage.Aliyun.csproj", "{6D5681B1-2C84-4A08-BF65-BC84EA35D5BF}"
EndProject
Project("{2150E333-8FDC-42A3-9474-1A3956D46DE8}") = "ObjectStorage", "ObjectStorage", "{89C89792-41EA-4E3A-87DF-0CCEB7CE31C8}"
EndProject
Project("{FAE04EC0-301F-11D3-BF4B-00C04F79EFBC}") = "SpeedBoot.ObjectStorage.Aliyun.Tests", "test\ObjectStorage\SpeedBoot.ObjectStorage.Aliyun.Tests\SpeedBoot.ObjectStorage.Aliyun.Tests.csproj", "{4629A199-B115-4C86-888C-9E28DB163BA9}"
EndProject
Project("{FAE04EC0-301F-11D3-BF4B-00C04F79EFBC}") = "SpeedBoot.ObjectStorage.Minio", "src\ObjectStorage\SpeedBoot.ObjectStorage.Minio\SpeedBoot.ObjectStorage.Minio.csproj", "{49329F99-3BEB-47C1-A4CF-699B5FEB774D}"
EndProject
Project("{FAE04EC0-301F-11D3-BF4B-00C04F79EFBC}") = "SpeedBoot.ObjectStorage.Minio.Tests", "test\ObjectStorage\SpeedBoot.ObjectStorage.Minio.Tests\SpeedBoot.ObjectStorage.Minio.Tests.csproj", "{E55F548B-C24D-4E1D-9D3C-D491D63A1E89}"
EndProject
Project("{2150E333-8FDC-42A3-9474-1A3956D46DE8}") = "Configuration", "Configuration", "{7E715367-B56C-4530-BFAC-DC258C7A7299}"
EndProject
Project("{FAE04EC0-301F-11D3-BF4B-00C04F79EFBC}") = "SpeedBoot.Extensions.Configuration.Json", "src\Extensions\SpeedBoot.Extensions.Configuration.Json\SpeedBoot.Extensions.Configuration.Json.csproj", "{9095841F-6AEC-48C5-9FE9-D7DD313F5E3D}"
EndProject
Project("{2150E333-8FDC-42A3-9474-1A3956D46DE8}") = "IdGenerator", "IdGenerator", "{2D3F99D6-55C3-4C2C-A5A9-966948F915A0}"
EndProject
Project("{FAE04EC0-301F-11D3-BF4B-00C04F79EFBC}") = "SpeedBoot.Extensions.IdGenerator", "src\Extensions\SpeedBoot.Extensions.IdGenerator\SpeedBoot.Extensions.IdGenerator.csproj", "{E7C1A908-7922-482F-8946-EE3EB6156DBA}"
EndProject
Project("{FAE04EC0-301F-11D3-BF4B-00C04F79EFBC}") = "SpeedBoot.Extensions.IdGenerator.Normal", "src\Extensions\SpeedBoot.Extensions.IdGenerator.Normal\SpeedBoot.Extensions.IdGenerator.Normal.csproj", "{D9D83FE7-99E9-4D9B-8820-B524440151C3}"
EndProject
Project("{FAE04EC0-301F-11D3-BF4B-00C04F79EFBC}") = "SpeedBoot.Extensions.IdGenerator.Sequential", "src\Extensions\SpeedBoot.Extensions.IdGenerator.Sequential\SpeedBoot.Extensions.IdGenerator.Sequential.csproj", "{FF443D66-E89F-4195-80BA-0B49DD8C4CDD}"
EndProject
Project("{2150E333-8FDC-42A3-9474-1A3956D46DE8}") = "Caching", "Caching", "{423E2563-912D-4AFD-8E77-02F5D8A03C29}"
EndProject
Project("{FAE04EC0-301F-11D3-BF4B-00C04F79EFBC}") = "SpeedBoot.System.Net.Tests", "test\SpeedBoot.System.Net.Tests\SpeedBoot.System.Net.Tests.csproj", "{817C804E-A234-4B8D-8218-E63DD3073EC8}"
EndProject
Project("{2150E333-8FDC-42A3-9474-1A3956D46DE8}") = "Data", "Data", "{34594FCE-6AD5-4FEA-AD11-3E1F35EC7D74}"
EndProject
Project("{FAE04EC0-301F-11D3-BF4B-00C04F79EFBC}") = "SpeedBoot.System.Net", "src\SpeedBoot.System.Net\SpeedBoot.System.Net.csproj", "{7CDCDF0A-EF0B-4393-8F79-10F30A3C202C}"
EndProject
Project("{FAE04EC0-301F-11D3-BF4B-00C04F79EFBC}") = "SpeedBoot.Data.Abstractions", "src\Data\SpeedBoot.Data.Abstractions\SpeedBoot.Data.Abstractions.csproj", "{875316B4-23E2-4FFD-BDCD-27E2B65129B6}"
EndProject
Project("{FAE04EC0-301F-11D3-BF4B-00C04F79EFBC}") = "SpeedBoot.Data.EFCore", "src\Data\SpeedBoot.Data.EFCore\SpeedBoot.Data.EFCore.csproj", "{26E1ABBD-04D8-410C-A7F7-7992E5489DA9}"
EndProject
Project("{FAE04EC0-301F-11D3-BF4B-00C04F79EFBC}") = "SpeedBoot.Data.EFCore.SqlServer", "src\Data\SpeedBoot.Data.EFCore.SqlServer\SpeedBoot.Data.EFCore.SqlServer.csproj", "{04716B4F-3EF4-48DD-B613-F473455BA8F3}"
EndProject
Project("{2150E333-8FDC-42A3-9474-1A3956D46DE8}") = "Data", "Data", "{2484DAEC-5C05-4ADC-A5AF-0967D14A1D91}"
EndProject
Project("{FAE04EC0-301F-11D3-BF4B-00C04F79EFBC}") = "SpeedBoot.Data.EFCore.Tests", "test\Data\SpeedBoot.Data.EFCore.Tests\SpeedBoot.Data.EFCore.Tests.csproj", "{86FAF7AF-51E9-428F-A857-02F92B4E354F}"
EndProject
Project("{FAE04EC0-301F-11D3-BF4B-00C04F79EFBC}") = "SpeedBoot.Data.EFCore.Pomelo.MySql", "src\Data\SpeedBoot.Data.EFCore.Pomelo.MySql\SpeedBoot.Data.EFCore.Pomelo.MySql.csproj", "{4B37AA6B-7BDE-4638-9B9A-6690E6E34BD5}"
EndProject
Project("{FAE04EC0-301F-11D3-BF4B-00C04F79EFBC}") = "SpeedBoot.Data.DependencyInjection.Abstractions", "src\Data\SpeedBoot.Data.DependencyInjection.Abstractions\SpeedBoot.Data.DependencyInjection.Abstractions.csproj", "{91B9AAB3-A77F-4F76-989F-434F0AD83060}"
EndProject
Project("{FAE04EC0-301F-11D3-BF4B-00C04F79EFBC}") = "SpeedBoot.Data.FreeSql.Tests", "test\Data\SpeedBoot.Data.FreeSql.Tests\SpeedBoot.Data.FreeSql.Tests.csproj", "{57EB875D-F0D3-40AB-9E17-04E07E11F716}"
EndProject
Project("{FAE04EC0-301F-11D3-BF4B-00C04F79EFBC}") = "SpeedBoot.Data.FreeSql.SqlServer", "src\Data\SpeedBoot.Data.FreeSql.SqlServer\SpeedBoot.Data.FreeSql.SqlServer.csproj", "{88B2305D-2399-4389-A131-3C802E183EF4}"
EndProject
Project("{FAE04EC0-301F-11D3-BF4B-00C04F79EFBC}") = "SpeedBoot.Data.FreeSql.MySql", "src\Data\SpeedBoot.Data.FreeSql.MySql\SpeedBoot.Data.FreeSql.MySql.csproj", "{F67F8961-1A99-45F7-A5F8-9B0C83527F20}"
EndProject
Project("{FAE04EC0-301F-11D3-BF4B-00C04F79EFBC}") = "SpeedBoot.Data.FreeSql.PostgreSql", "src\Data\SpeedBoot.Data.FreeSql.PostgreSql\SpeedBoot.Data.FreeSql.PostgreSql.csproj", "{6235532F-96A1-41B0-BE54-D071D3DAFBD8}"
EndProject
Project("{FAE04EC0-301F-11D3-BF4B-00C04F79EFBC}") = "SpeedBoot.Data.EFCore.PostgreSql", "src\Data\SpeedBoot.Data.EFCore.PostgreSql\SpeedBoot.Data.EFCore.PostgreSql.csproj", "{8C87449F-ECA7-4D59-88D8-CD5CD28D2F9E}"
EndProject
Project("{FAE04EC0-301F-11D3-BF4B-00C04F79EFBC}") = "SpeedBoot.Data.FreeSql.Sqlite", "src\Data\SpeedBoot.Data.FreeSql.Sqlite\SpeedBoot.Data.FreeSql.Sqlite.csproj", "{595F1E04-9A34-45D3-8EE1-4A3C6EE189F5}"
EndProject
Project("{FAE04EC0-301F-11D3-BF4B-00C04F79EFBC}") = "SpeedBoot.Data.EFCore.Sqlite", "src\Data\SpeedBoot.Data.EFCore.Sqlite\SpeedBoot.Data.EFCore.Sqlite.csproj", "{21E683D6-BB65-4AF9-8C33-DA48C7932518}"
EndProject
Project("{2150E333-8FDC-42A3-9474-1A3956D46DE8}") = "docs", "docs", "{7120E109-21F0-4279-9631-DC59B751B826}"
EndProject
Project("{2150E333-8FDC-42A3-9474-1A3956D46DE8}") = "zh-cn", "zh-cn", "{57BE6CB1-C051-4D12-ACF0-0358EF51084F}"
	ProjectSection(SolutionItems) = preProject
		docs\zh-cn\AspNetCore.md = docs\zh-cn\AspNetCore.md
		docs\zh-cn\DataEFCore.md = docs\zh-cn\DataEFCore.md
		docs\zh-cn\DataFreeSql.md = docs\zh-cn\DataFreeSql.md
		docs\zh-cn\ObjectStorageAliyun.md = docs\zh-cn\ObjectStorageAliyun.md
		docs\zh-cn\ObjectStorageMinio.md = docs\zh-cn\ObjectStorageMinio.md
		docs\zh-cn\README.md = docs\zh-cn\README.md
		docs\zh-cn\AspNetCore.Authentication.md = docs\zh-cn\AspNetCore.Authentication.md
		docs\zh-cn\AspNetCore.Validation.FluentValidation.md = docs\zh-cn\AspNetCore.Validation.FluentValidation.md
		docs\zh-cn\IdGenerator.Normal.md = docs\zh-cn\IdGenerator.Normal.md
		docs\zh-cn\IdGenerator.Sequential.md = docs\zh-cn\IdGenerator.Sequential.md
		docs\zh-cn\Extensions.DependencyInjection.md = docs\zh-cn\Extensions.DependencyInjection.md
	EndProjectSection
EndProject
Project("{2150E333-8FDC-42A3-9474-1A3956D46DE8}") = "en", "en", "{7897FA0C-6D6B-4F7F-95EB-1A7510506603}"
	ProjectSection(SolutionItems) = preProject
		docs\en\AspNetCore.md = docs\en\AspNetCore.md
		docs\en\DataEFCore.md = docs\en\DataEFCore.md
		docs\en\DataFreeSql.md = docs\en\DataFreeSql.md
		docs\en\ObjectStorageAliyun.md = docs\en\ObjectStorageAliyun.md
		docs\en\ObjectStorageMinio.md = docs\en\ObjectStorageMinio.md
		docs\en\README.md = docs\en\README.md
		docs\en\AspNetCore.Validation.FluentValidation.md = docs\en\AspNetCore.Validation.FluentValidation.md
		docs\en\IdGenerator.Normal.md = docs\en\IdGenerator.Normal.md
		docs\en\IdGenerator.Sequential.md = docs\en\IdGenerator.Sequential.md
		docs\en\Extensions.DependencyInjection.md = docs\en\Extensions.DependencyInjection.md
	EndProjectSection
EndProject
Project("{FAE04EC0-301F-11D3-BF4B-00C04F79EFBC}") = "SpeedBoot.Data.FreeSql", "src\Data\SpeedBoot.Data.FreeSql\SpeedBoot.Data.FreeSql.csproj", "{AF53B194-2C4C-4AA2-982D-0EAD040BA307}"
EndProject
Project("{FAE04EC0-301F-11D3-BF4B-00C04F79EFBC}") = "SpeedBoot.AspNetCore.Tests", "test\SpeedBoot.AspNetCore.Tests\SpeedBoot.AspNetCore.Tests.csproj", "{0D7F5EF7-F23C-4C96-B41D-E143C3C0221D}"
EndProject
Project("{2150E333-8FDC-42A3-9474-1A3956D46DE8}") = "Security", "Security", "{FFFA6B40-DD12-435F-84A6-1D4CCF689A8E}"
EndProject
Project("{FAE04EC0-301F-11D3-BF4B-00C04F79EFBC}") = "SpeedBoot.Security.Cryptography.Tests", "test\Security\SpeedBoot.Security.Cryptography.Tests\SpeedBoot.Security.Cryptography.Tests.csproj", "{05482858-D633-4008-9BD6-DBD1CC5F1EDD}"
EndProject
Project("{2150E333-8FDC-42A3-9474-1A3956D46DE8}") = "Authentication", "Authentication", "{EA32AD16-E092-423B-9DAE-E24E6CA38435}"
EndProject
Project("{FAE04EC0-301F-11D3-BF4B-00C04F79EFBC}") = "SpeedBoot.Authentication.Abstractions", "src\Authentication\SpeedBoot.Authentication.Abstractions\SpeedBoot.Authentication.Abstractions.csproj", "{9790D8E5-1E37-434B-A159-576035E24A15}"
EndProject
Project("{FAE04EC0-301F-11D3-BF4B-00C04F79EFBC}") = "SpeedBoot.AspNetCore.Authentication", "src\SpeedBoot.AspNetCore.Authentication\SpeedBoot.AspNetCore.Authentication.csproj", "{B363427E-17B7-4CD8-A9D0-3AEA9A02E338}"
EndProject
Project("{FAE04EC0-301F-11D3-BF4B-00C04F79EFBC}") = "SpeedBoot.AspNetCore.Authentication.Tests", "test\SpeedBoot.AspNetCore.Authentication.Tests\SpeedBoot.AspNetCore.Authentication.Tests.csproj", "{7033C3D9-E4A0-46FE-8017-9DE6F10ECF3E}"
EndProject
Project("{FAE04EC0-301F-11D3-BF4B-00C04F79EFBC}") = "SpeedBoot.AspNetCore.Validation.FluentValidation", "src\Validations\SpeedBoot.AspNetCore.Validation.FluentValidation\SpeedBoot.AspNetCore.Validation.FluentValidation.csproj", "{C14F7855-E358-4482-8624-52CB57189B79}"
EndProject
Project("{2150E333-8FDC-42A3-9474-1A3956D46DE8}") = "Serialization", "Serialization", "{3F34FB44-6ECB-40C2-B575-7CE1F44B891F}"
EndProject
Project("{2150E333-8FDC-42A3-9474-1A3956D46DE8}") = "EventBus", "EventBus", "{9294B993-7142-4EA7-AB86-6C805CA09942}"
EndProject
Project("{FAE04EC0-301F-11D3-BF4B-00C04F79EFBC}") = "SpeedBoot.Extensions.Serialization.SystemTextJson", "src\Extensions\Serialization\SpeedBoot.Extensions.Serialization.SystemTextJson\SpeedBoot.Extensions.Serialization.SystemTextJson.csproj", "{8E51B54C-A670-4607-8F46-5C628F46FD51}"
EndProject
Project("{FAE04EC0-301F-11D3-BF4B-00C04F79EFBC}") = "SpeedBoot.EventBus.Abstracts", "src\EventBus\SpeedBoot.EventBus.Abstracts\SpeedBoot.EventBus.Abstracts.csproj", "{DA71DC8B-C6F9-4C66-9DFF-8D156DC17B75}"
EndProject
Project("{FAE04EC0-301F-11D3-BF4B-00C04F79EFBC}") = "SpeedBoot.Extensions.Serializations.Abstracts", "src\Extensions\Serialization\SpeedBoot.Extensions.Serializations.Abstracts\SpeedBoot.Extensions.Serializations.Abstracts.csproj", "{FC50EFB7-D3A2-41F5-9832-925E289B0CB3}"
EndProject
Project("{FAE04EC0-301F-11D3-BF4B-00C04F79EFBC}") = "SpeedBoot.EventBus.Local", "src\EventBus\SpeedBoot.EventBus.Local\SpeedBoot.EventBus.Local.csproj", "{AA16A2AA-9121-4151-BA58-EC44ACBE67BA}"
EndProject
Project("{2150E333-8FDC-42A3-9474-1A3956D46DE8}") = "EventBus", "EventBus", "{2C0109F2-B0FB-4186-B30E-AB1C409736EF}"
EndProject
Project("{FAE04EC0-301F-11D3-BF4B-00C04F79EFBC}") = "SpeedBoot.EventBus.Local.Tests", "test\EventBus\SpeedBoot.EventBus.Local.Tests\SpeedBoot.EventBus.Local.Tests.csproj", "{97AE9B76-0CA9-48FC-AC70-540B3208AF5F}"
EndProject
Project("{FAE04EC0-301F-11D3-BF4B-00C04F79EFBC}") = "SpeedBoot.System.Benchmarks", "test\SpeedBoot.System.Benchmarks\SpeedBoot.System.Benchmarks.csproj", "{F4EF8BC5-946B-4107-91C1-CB2F970D1CCD}"
EndProject
Project("{2150E333-8FDC-42A3-9474-1A3956D46DE8}") = "Extensions", "Extensions", "{114489C0-D99D-422B-B79C-7700C786CC48}"
EndProject
Project("{FAE04EC0-301F-11D3-BF4B-00C04F79EFBC}") = "SpeedBoot.Extensions.DependencyInjection.Tests", "test\Extensions\SpeedBoot.Extensions.DependencyInjection.Tests\SpeedBoot.Extensions.DependencyInjection.Tests.csproj", "{2CE3FE5B-4265-41A1-81F5-E815CE50571D}"
EndProject
Project("{FAE04EC0-301F-11D3-BF4B-00C04F79EFBC}") = "SpeedBoot.Extensions.Serialization.SystemTextJson.Tests", "test\Extensions\SpeedBoot.Extensions.Serialization.SystemTextJson.Tests\SpeedBoot.Extensions.Serialization.SystemTextJson.Tests.csproj", "{F62344AF-4EBC-44DB-A812-2C2FCB204349}"
EndProject
Global
	GlobalSection(SolutionConfigurationPlatforms) = preSolution
		Debug|Any CPU = Debug|Any CPU
		Release|Any CPU = Release|Any CPU
	EndGlobalSection
	GlobalSection(ProjectConfigurationPlatforms) = postSolution
		{97D7F8FE-DEC8-4336-9E3C-25EA90B0251B}.Debug|Any CPU.ActiveCfg = Debug|Any CPU
		{97D7F8FE-DEC8-4336-9E3C-25EA90B0251B}.Debug|Any CPU.Build.0 = Debug|Any CPU
		{97D7F8FE-DEC8-4336-9E3C-25EA90B0251B}.Release|Any CPU.ActiveCfg = Release|Any CPU
		{97D7F8FE-DEC8-4336-9E3C-25EA90B0251B}.Release|Any CPU.Build.0 = Release|Any CPU
		{CAD2A17D-391E-4D5C-AE9F-A4F0815536D2}.Debug|Any CPU.ActiveCfg = Debug|Any CPU
		{CAD2A17D-391E-4D5C-AE9F-A4F0815536D2}.Debug|Any CPU.Build.0 = Debug|Any CPU
		{CAD2A17D-391E-4D5C-AE9F-A4F0815536D2}.Release|Any CPU.ActiveCfg = Release|Any CPU
		{CAD2A17D-391E-4D5C-AE9F-A4F0815536D2}.Release|Any CPU.Build.0 = Release|Any CPU
		{FDDD0431-FEF6-4F7A-BEC3-1730156C4412}.Debug|Any CPU.ActiveCfg = Debug|Any CPU
		{FDDD0431-FEF6-4F7A-BEC3-1730156C4412}.Debug|Any CPU.Build.0 = Debug|Any CPU
		{FDDD0431-FEF6-4F7A-BEC3-1730156C4412}.Release|Any CPU.ActiveCfg = Release|Any CPU
		{FDDD0431-FEF6-4F7A-BEC3-1730156C4412}.Release|Any CPU.Build.0 = Release|Any CPU
		{7F12A07A-84EA-43ED-8FF2-7A0C3FCDFC48}.Debug|Any CPU.ActiveCfg = Debug|Any CPU
		{7F12A07A-84EA-43ED-8FF2-7A0C3FCDFC48}.Debug|Any CPU.Build.0 = Debug|Any CPU
		{7F12A07A-84EA-43ED-8FF2-7A0C3FCDFC48}.Release|Any CPU.ActiveCfg = Release|Any CPU
		{7F12A07A-84EA-43ED-8FF2-7A0C3FCDFC48}.Release|Any CPU.Build.0 = Release|Any CPU
		{401CC389-7E37-4233-AE25-ACAA1EA112EF}.Debug|Any CPU.ActiveCfg = Debug|Any CPU
		{401CC389-7E37-4233-AE25-ACAA1EA112EF}.Debug|Any CPU.Build.0 = Debug|Any CPU
		{401CC389-7E37-4233-AE25-ACAA1EA112EF}.Release|Any CPU.ActiveCfg = Release|Any CPU
		{401CC389-7E37-4233-AE25-ACAA1EA112EF}.Release|Any CPU.Build.0 = Release|Any CPU
		{CBCAA7AE-FDB9-44CA-BAE0-713E7BA308B7}.Debug|Any CPU.ActiveCfg = Debug|Any CPU
		{CBCAA7AE-FDB9-44CA-BAE0-713E7BA308B7}.Debug|Any CPU.Build.0 = Debug|Any CPU
		{CBCAA7AE-FDB9-44CA-BAE0-713E7BA308B7}.Release|Any CPU.ActiveCfg = Release|Any CPU
		{CBCAA7AE-FDB9-44CA-BAE0-713E7BA308B7}.Release|Any CPU.Build.0 = Release|Any CPU
		{EB69FC7C-1F09-49BD-9439-3D03CC6A3A56}.Debug|Any CPU.ActiveCfg = Debug|Any CPU
		{EB69FC7C-1F09-49BD-9439-3D03CC6A3A56}.Debug|Any CPU.Build.0 = Debug|Any CPU
		{EB69FC7C-1F09-49BD-9439-3D03CC6A3A56}.Release|Any CPU.ActiveCfg = Release|Any CPU
		{EB69FC7C-1F09-49BD-9439-3D03CC6A3A56}.Release|Any CPU.Build.0 = Release|Any CPU
		{5D4F14CD-A269-468C-96F9-7DCBFE7A902D}.Debug|Any CPU.ActiveCfg = Debug|Any CPU
		{5D4F14CD-A269-468C-96F9-7DCBFE7A902D}.Debug|Any CPU.Build.0 = Debug|Any CPU
		{5D4F14CD-A269-468C-96F9-7DCBFE7A902D}.Release|Any CPU.ActiveCfg = Release|Any CPU
		{5D4F14CD-A269-468C-96F9-7DCBFE7A902D}.Release|Any CPU.Build.0 = Release|Any CPU
		{10CB5528-9824-42D7-A52E-95463A3CEA05}.Debug|Any CPU.ActiveCfg = Debug|Any CPU
		{10CB5528-9824-42D7-A52E-95463A3CEA05}.Debug|Any CPU.Build.0 = Debug|Any CPU
		{10CB5528-9824-42D7-A52E-95463A3CEA05}.Release|Any CPU.ActiveCfg = Release|Any CPU
		{10CB5528-9824-42D7-A52E-95463A3CEA05}.Release|Any CPU.Build.0 = Release|Any CPU
		{A61F798B-B910-4DFE-8D00-B19B290AFDED}.Debug|Any CPU.ActiveCfg = Debug|Any CPU
		{A61F798B-B910-4DFE-8D00-B19B290AFDED}.Debug|Any CPU.Build.0 = Debug|Any CPU
		{A61F798B-B910-4DFE-8D00-B19B290AFDED}.Release|Any CPU.ActiveCfg = Release|Any CPU
		{A61F798B-B910-4DFE-8D00-B19B290AFDED}.Release|Any CPU.Build.0 = Release|Any CPU
		{FDD2BE46-D3F9-4677-8408-BA0A94F8A55C}.Debug|Any CPU.ActiveCfg = Debug|Any CPU
		{FDD2BE46-D3F9-4677-8408-BA0A94F8A55C}.Debug|Any CPU.Build.0 = Debug|Any CPU
		{FDD2BE46-D3F9-4677-8408-BA0A94F8A55C}.Release|Any CPU.ActiveCfg = Release|Any CPU
		{FDD2BE46-D3F9-4677-8408-BA0A94F8A55C}.Release|Any CPU.Build.0 = Release|Any CPU
		{6D5681B1-2C84-4A08-BF65-BC84EA35D5BF}.Debug|Any CPU.ActiveCfg = Debug|Any CPU
		{6D5681B1-2C84-4A08-BF65-BC84EA35D5BF}.Debug|Any CPU.Build.0 = Debug|Any CPU
		{6D5681B1-2C84-4A08-BF65-BC84EA35D5BF}.Release|Any CPU.ActiveCfg = Release|Any CPU
		{6D5681B1-2C84-4A08-BF65-BC84EA35D5BF}.Release|Any CPU.Build.0 = Release|Any CPU
		{4629A199-B115-4C86-888C-9E28DB163BA9}.Debug|Any CPU.ActiveCfg = Debug|Any CPU
		{4629A199-B115-4C86-888C-9E28DB163BA9}.Debug|Any CPU.Build.0 = Debug|Any CPU
		{4629A199-B115-4C86-888C-9E28DB163BA9}.Release|Any CPU.ActiveCfg = Release|Any CPU
		{4629A199-B115-4C86-888C-9E28DB163BA9}.Release|Any CPU.Build.0 = Release|Any CPU
		{49329F99-3BEB-47C1-A4CF-699B5FEB774D}.Debug|Any CPU.ActiveCfg = Debug|Any CPU
		{49329F99-3BEB-47C1-A4CF-699B5FEB774D}.Debug|Any CPU.Build.0 = Debug|Any CPU
		{49329F99-3BEB-47C1-A4CF-699B5FEB774D}.Release|Any CPU.ActiveCfg = Release|Any CPU
		{49329F99-3BEB-47C1-A4CF-699B5FEB774D}.Release|Any CPU.Build.0 = Release|Any CPU
		{E55F548B-C24D-4E1D-9D3C-D491D63A1E89}.Debug|Any CPU.ActiveCfg = Debug|Any CPU
		{E55F548B-C24D-4E1D-9D3C-D491D63A1E89}.Debug|Any CPU.Build.0 = Debug|Any CPU
		{E55F548B-C24D-4E1D-9D3C-D491D63A1E89}.Release|Any CPU.ActiveCfg = Release|Any CPU
		{E55F548B-C24D-4E1D-9D3C-D491D63A1E89}.Release|Any CPU.Build.0 = Release|Any CPU
		{9095841F-6AEC-48C5-9FE9-D7DD313F5E3D}.Debug|Any CPU.ActiveCfg = Debug|Any CPU
		{9095841F-6AEC-48C5-9FE9-D7DD313F5E3D}.Debug|Any CPU.Build.0 = Debug|Any CPU
		{9095841F-6AEC-48C5-9FE9-D7DD313F5E3D}.Release|Any CPU.ActiveCfg = Release|Any CPU
		{9095841F-6AEC-48C5-9FE9-D7DD313F5E3D}.Release|Any CPU.Build.0 = Release|Any CPU
		{E7C1A908-7922-482F-8946-EE3EB6156DBA}.Debug|Any CPU.ActiveCfg = Debug|Any CPU
		{E7C1A908-7922-482F-8946-EE3EB6156DBA}.Debug|Any CPU.Build.0 = Debug|Any CPU
		{E7C1A908-7922-482F-8946-EE3EB6156DBA}.Release|Any CPU.ActiveCfg = Release|Any CPU
		{E7C1A908-7922-482F-8946-EE3EB6156DBA}.Release|Any CPU.Build.0 = Release|Any CPU
		{D9D83FE7-99E9-4D9B-8820-B524440151C3}.Debug|Any CPU.ActiveCfg = Debug|Any CPU
		{D9D83FE7-99E9-4D9B-8820-B524440151C3}.Debug|Any CPU.Build.0 = Debug|Any CPU
		{D9D83FE7-99E9-4D9B-8820-B524440151C3}.Release|Any CPU.ActiveCfg = Release|Any CPU
		{D9D83FE7-99E9-4D9B-8820-B524440151C3}.Release|Any CPU.Build.0 = Release|Any CPU
		{FF443D66-E89F-4195-80BA-0B49DD8C4CDD}.Debug|Any CPU.ActiveCfg = Debug|Any CPU
		{FF443D66-E89F-4195-80BA-0B49DD8C4CDD}.Debug|Any CPU.Build.0 = Debug|Any CPU
		{FF443D66-E89F-4195-80BA-0B49DD8C4CDD}.Release|Any CPU.ActiveCfg = Release|Any CPU
		{FF443D66-E89F-4195-80BA-0B49DD8C4CDD}.Release|Any CPU.Build.0 = Release|Any CPU
		{875316B4-23E2-4FFD-BDCD-27E2B65129B6}.Debug|Any CPU.ActiveCfg = Debug|Any CPU
		{875316B4-23E2-4FFD-BDCD-27E2B65129B6}.Debug|Any CPU.Build.0 = Debug|Any CPU
		{875316B4-23E2-4FFD-BDCD-27E2B65129B6}.Release|Any CPU.ActiveCfg = Release|Any CPU
		{875316B4-23E2-4FFD-BDCD-27E2B65129B6}.Release|Any CPU.Build.0 = Release|Any CPU
		{817C804E-A234-4B8D-8218-E63DD3073EC8}.Debug|Any CPU.ActiveCfg = Debug|Any CPU
		{817C804E-A234-4B8D-8218-E63DD3073EC8}.Debug|Any CPU.Build.0 = Debug|Any CPU
		{817C804E-A234-4B8D-8218-E63DD3073EC8}.Release|Any CPU.ActiveCfg = Release|Any CPU
		{817C804E-A234-4B8D-8218-E63DD3073EC8}.Release|Any CPU.Build.0 = Release|Any CPU
		{7CDCDF0A-EF0B-4393-8F79-10F30A3C202C}.Debug|Any CPU.ActiveCfg = Debug|Any CPU
		{7CDCDF0A-EF0B-4393-8F79-10F30A3C202C}.Debug|Any CPU.Build.0 = Debug|Any CPU
		{7CDCDF0A-EF0B-4393-8F79-10F30A3C202C}.Release|Any CPU.ActiveCfg = Release|Any CPU
		{7CDCDF0A-EF0B-4393-8F79-10F30A3C202C}.Release|Any CPU.Build.0 = Release|Any CPU
		{26E1ABBD-04D8-410C-A7F7-7992E5489DA9}.Debug|Any CPU.ActiveCfg = Debug|Any CPU
		{26E1ABBD-04D8-410C-A7F7-7992E5489DA9}.Debug|Any CPU.Build.0 = Debug|Any CPU
		{26E1ABBD-04D8-410C-A7F7-7992E5489DA9}.Release|Any CPU.ActiveCfg = Release|Any CPU
		{26E1ABBD-04D8-410C-A7F7-7992E5489DA9}.Release|Any CPU.Build.0 = Release|Any CPU
		{04716B4F-3EF4-48DD-B613-F473455BA8F3}.Debug|Any CPU.ActiveCfg = Debug|Any CPU
		{04716B4F-3EF4-48DD-B613-F473455BA8F3}.Debug|Any CPU.Build.0 = Debug|Any CPU
		{04716B4F-3EF4-48DD-B613-F473455BA8F3}.Release|Any CPU.ActiveCfg = Release|Any CPU
		{04716B4F-3EF4-48DD-B613-F473455BA8F3}.Release|Any CPU.Build.0 = Release|Any CPU
		{86FAF7AF-51E9-428F-A857-02F92B4E354F}.Debug|Any CPU.ActiveCfg = Debug|Any CPU
		{86FAF7AF-51E9-428F-A857-02F92B4E354F}.Debug|Any CPU.Build.0 = Debug|Any CPU
		{86FAF7AF-51E9-428F-A857-02F92B4E354F}.Release|Any CPU.ActiveCfg = Release|Any CPU
		{86FAF7AF-51E9-428F-A857-02F92B4E354F}.Release|Any CPU.Build.0 = Release|Any CPU
		{4B37AA6B-7BDE-4638-9B9A-6690E6E34BD5}.Debug|Any CPU.ActiveCfg = Debug|Any CPU
		{4B37AA6B-7BDE-4638-9B9A-6690E6E34BD5}.Debug|Any CPU.Build.0 = Debug|Any CPU
		{4B37AA6B-7BDE-4638-9B9A-6690E6E34BD5}.Release|Any CPU.ActiveCfg = Release|Any CPU
		{4B37AA6B-7BDE-4638-9B9A-6690E6E34BD5}.Release|Any CPU.Build.0 = Release|Any CPU
		{91B9AAB3-A77F-4F76-989F-434F0AD83060}.Debug|Any CPU.ActiveCfg = Debug|Any CPU
		{91B9AAB3-A77F-4F76-989F-434F0AD83060}.Debug|Any CPU.Build.0 = Debug|Any CPU
		{91B9AAB3-A77F-4F76-989F-434F0AD83060}.Release|Any CPU.ActiveCfg = Release|Any CPU
		{91B9AAB3-A77F-4F76-989F-434F0AD83060}.Release|Any CPU.Build.0 = Release|Any CPU
		{57EB875D-F0D3-40AB-9E17-04E07E11F716}.Debug|Any CPU.ActiveCfg = Debug|Any CPU
		{57EB875D-F0D3-40AB-9E17-04E07E11F716}.Debug|Any CPU.Build.0 = Debug|Any CPU
		{57EB875D-F0D3-40AB-9E17-04E07E11F716}.Release|Any CPU.ActiveCfg = Release|Any CPU
		{57EB875D-F0D3-40AB-9E17-04E07E11F716}.Release|Any CPU.Build.0 = Release|Any CPU
		{88B2305D-2399-4389-A131-3C802E183EF4}.Debug|Any CPU.ActiveCfg = Debug|Any CPU
		{88B2305D-2399-4389-A131-3C802E183EF4}.Debug|Any CPU.Build.0 = Debug|Any CPU
		{88B2305D-2399-4389-A131-3C802E183EF4}.Release|Any CPU.ActiveCfg = Release|Any CPU
		{88B2305D-2399-4389-A131-3C802E183EF4}.Release|Any CPU.Build.0 = Release|Any CPU
		{F67F8961-1A99-45F7-A5F8-9B0C83527F20}.Debug|Any CPU.ActiveCfg = Debug|Any CPU
		{F67F8961-1A99-45F7-A5F8-9B0C83527F20}.Debug|Any CPU.Build.0 = Debug|Any CPU
		{F67F8961-1A99-45F7-A5F8-9B0C83527F20}.Release|Any CPU.ActiveCfg = Release|Any CPU
		{F67F8961-1A99-45F7-A5F8-9B0C83527F20}.Release|Any CPU.Build.0 = Release|Any CPU
		{6235532F-96A1-41B0-BE54-D071D3DAFBD8}.Debug|Any CPU.ActiveCfg = Debug|Any CPU
		{6235532F-96A1-41B0-BE54-D071D3DAFBD8}.Debug|Any CPU.Build.0 = Debug|Any CPU
		{6235532F-96A1-41B0-BE54-D071D3DAFBD8}.Release|Any CPU.ActiveCfg = Release|Any CPU
		{6235532F-96A1-41B0-BE54-D071D3DAFBD8}.Release|Any CPU.Build.0 = Release|Any CPU
		{8C87449F-ECA7-4D59-88D8-CD5CD28D2F9E}.Debug|Any CPU.ActiveCfg = Debug|Any CPU
		{8C87449F-ECA7-4D59-88D8-CD5CD28D2F9E}.Debug|Any CPU.Build.0 = Debug|Any CPU
		{8C87449F-ECA7-4D59-88D8-CD5CD28D2F9E}.Release|Any CPU.ActiveCfg = Release|Any CPU
		{8C87449F-ECA7-4D59-88D8-CD5CD28D2F9E}.Release|Any CPU.Build.0 = Release|Any CPU
		{595F1E04-9A34-45D3-8EE1-4A3C6EE189F5}.Debug|Any CPU.ActiveCfg = Debug|Any CPU
		{595F1E04-9A34-45D3-8EE1-4A3C6EE189F5}.Debug|Any CPU.Build.0 = Debug|Any CPU
		{595F1E04-9A34-45D3-8EE1-4A3C6EE189F5}.Release|Any CPU.ActiveCfg = Release|Any CPU
		{595F1E04-9A34-45D3-8EE1-4A3C6EE189F5}.Release|Any CPU.Build.0 = Release|Any CPU
		{21E683D6-BB65-4AF9-8C33-DA48C7932518}.Debug|Any CPU.ActiveCfg = Debug|Any CPU
		{21E683D6-BB65-4AF9-8C33-DA48C7932518}.Debug|Any CPU.Build.0 = Debug|Any CPU
		{21E683D6-BB65-4AF9-8C33-DA48C7932518}.Release|Any CPU.ActiveCfg = Release|Any CPU
		{21E683D6-BB65-4AF9-8C33-DA48C7932518}.Release|Any CPU.Build.0 = Release|Any CPU
		{AF53B194-2C4C-4AA2-982D-0EAD040BA307}.Debug|Any CPU.ActiveCfg = Debug|Any CPU
		{AF53B194-2C4C-4AA2-982D-0EAD040BA307}.Debug|Any CPU.Build.0 = Debug|Any CPU
		{AF53B194-2C4C-4AA2-982D-0EAD040BA307}.Release|Any CPU.ActiveCfg = Release|Any CPU
		{AF53B194-2C4C-4AA2-982D-0EAD040BA307}.Release|Any CPU.Build.0 = Release|Any CPU
		{0D7F5EF7-F23C-4C96-B41D-E143C3C0221D}.Debug|Any CPU.ActiveCfg = Debug|Any CPU
		{0D7F5EF7-F23C-4C96-B41D-E143C3C0221D}.Debug|Any CPU.Build.0 = Debug|Any CPU
		{0D7F5EF7-F23C-4C96-B41D-E143C3C0221D}.Release|Any CPU.ActiveCfg = Release|Any CPU
		{0D7F5EF7-F23C-4C96-B41D-E143C3C0221D}.Release|Any CPU.Build.0 = Release|Any CPU
		{05482858-D633-4008-9BD6-DBD1CC5F1EDD}.Debug|Any CPU.ActiveCfg = Debug|Any CPU
		{05482858-D633-4008-9BD6-DBD1CC5F1EDD}.Debug|Any CPU.Build.0 = Debug|Any CPU
		{05482858-D633-4008-9BD6-DBD1CC5F1EDD}.Release|Any CPU.ActiveCfg = Release|Any CPU
		{05482858-D633-4008-9BD6-DBD1CC5F1EDD}.Release|Any CPU.Build.0 = Release|Any CPU
		{9790D8E5-1E37-434B-A159-576035E24A15}.Debug|Any CPU.ActiveCfg = Debug|Any CPU
		{9790D8E5-1E37-434B-A159-576035E24A15}.Debug|Any CPU.Build.0 = Debug|Any CPU
		{9790D8E5-1E37-434B-A159-576035E24A15}.Release|Any CPU.ActiveCfg = Release|Any CPU
		{9790D8E5-1E37-434B-A159-576035E24A15}.Release|Any CPU.Build.0 = Release|Any CPU
		{B363427E-17B7-4CD8-A9D0-3AEA9A02E338}.Debug|Any CPU.ActiveCfg = Debug|Any CPU
		{B363427E-17B7-4CD8-A9D0-3AEA9A02E338}.Debug|Any CPU.Build.0 = Debug|Any CPU
		{B363427E-17B7-4CD8-A9D0-3AEA9A02E338}.Release|Any CPU.ActiveCfg = Release|Any CPU
		{B363427E-17B7-4CD8-A9D0-3AEA9A02E338}.Release|Any CPU.Build.0 = Release|Any CPU
		{7033C3D9-E4A0-46FE-8017-9DE6F10ECF3E}.Debug|Any CPU.ActiveCfg = Debug|Any CPU
		{7033C3D9-E4A0-46FE-8017-9DE6F10ECF3E}.Debug|Any CPU.Build.0 = Debug|Any CPU
		{7033C3D9-E4A0-46FE-8017-9DE6F10ECF3E}.Release|Any CPU.ActiveCfg = Release|Any CPU
		{7033C3D9-E4A0-46FE-8017-9DE6F10ECF3E}.Release|Any CPU.Build.0 = Release|Any CPU
		{C14F7855-E358-4482-8624-52CB57189B79}.Debug|Any CPU.ActiveCfg = Debug|Any CPU
		{C14F7855-E358-4482-8624-52CB57189B79}.Debug|Any CPU.Build.0 = Debug|Any CPU
		{C14F7855-E358-4482-8624-52CB57189B79}.Release|Any CPU.ActiveCfg = Release|Any CPU
		{C14F7855-E358-4482-8624-52CB57189B79}.Release|Any CPU.Build.0 = Release|Any CPU
		{8E51B54C-A670-4607-8F46-5C628F46FD51}.Debug|Any CPU.ActiveCfg = Debug|Any CPU
		{8E51B54C-A670-4607-8F46-5C628F46FD51}.Debug|Any CPU.Build.0 = Debug|Any CPU
		{8E51B54C-A670-4607-8F46-5C628F46FD51}.Release|Any CPU.ActiveCfg = Release|Any CPU
		{8E51B54C-A670-4607-8F46-5C628F46FD51}.Release|Any CPU.Build.0 = Release|Any CPU
		{FC50EFB7-D3A2-41F5-9832-925E289B0CB3}.Debug|Any CPU.ActiveCfg = Debug|Any CPU
		{FC50EFB7-D3A2-41F5-9832-925E289B0CB3}.Debug|Any CPU.Build.0 = Debug|Any CPU
		{FC50EFB7-D3A2-41F5-9832-925E289B0CB3}.Release|Any CPU.ActiveCfg = Release|Any CPU
		{FC50EFB7-D3A2-41F5-9832-925E289B0CB3}.Release|Any CPU.Build.0 = Release|Any CPU
		{97AE9B76-0CA9-48FC-AC70-540B3208AF5F}.Debug|Any CPU.ActiveCfg = Debug|Any CPU
		{97AE9B76-0CA9-48FC-AC70-540B3208AF5F}.Debug|Any CPU.Build.0 = Debug|Any CPU
		{97AE9B76-0CA9-48FC-AC70-540B3208AF5F}.Release|Any CPU.ActiveCfg = Release|Any CPU
		{97AE9B76-0CA9-48FC-AC70-540B3208AF5F}.Release|Any CPU.Build.0 = Release|Any CPU
		{F4EF8BC5-946B-4107-91C1-CB2F970D1CCD}.Debug|Any CPU.ActiveCfg = Debug|Any CPU
		{F4EF8BC5-946B-4107-91C1-CB2F970D1CCD}.Debug|Any CPU.Build.0 = Debug|Any CPU
		{F4EF8BC5-946B-4107-91C1-CB2F970D1CCD}.Release|Any CPU.ActiveCfg = Release|Any CPU
		{F4EF8BC5-946B-4107-91C1-CB2F970D1CCD}.Release|Any CPU.Build.0 = Release|Any CPU
		{2CE3FE5B-4265-41A1-81F5-E815CE50571D}.Debug|Any CPU.ActiveCfg = Debug|Any CPU
		{2CE3FE5B-4265-41A1-81F5-E815CE50571D}.Debug|Any CPU.Build.0 = Debug|Any CPU
		{2CE3FE5B-4265-41A1-81F5-E815CE50571D}.Release|Any CPU.ActiveCfg = Release|Any CPU
		{2CE3FE5B-4265-41A1-81F5-E815CE50571D}.Release|Any CPU.Build.0 = Release|Any CPU
		{F62344AF-4EBC-44DB-A812-2C2FCB204349}.Debug|Any CPU.ActiveCfg = Debug|Any CPU
		{F62344AF-4EBC-44DB-A812-2C2FCB204349}.Debug|Any CPU.Build.0 = Debug|Any CPU
		{F62344AF-4EBC-44DB-A812-2C2FCB204349}.Release|Any CPU.ActiveCfg = Release|Any CPU
		{F62344AF-4EBC-44DB-A812-2C2FCB204349}.Release|Any CPU.Build.0 = Release|Any CPU
	EndGlobalSection
	GlobalSection(SolutionProperties) = preSolution
		HideSolutionNode = FALSE
	EndGlobalSection
	GlobalSection(NestedProjects) = preSolution
		{97D7F8FE-DEC8-4336-9E3C-25EA90B0251B} = {20AF2DF3-F2E9-436E-BA4B-CE94C510E510}
		{CAD2A17D-391E-4D5C-AE9F-A4F0815536D2} = {20AF2DF3-F2E9-436E-BA4B-CE94C510E510}
		{FDDD0431-FEF6-4F7A-BEC3-1730156C4412} = {216801A8-02DC-4AF4-9448-E13902585583}
		{7F12A07A-84EA-43ED-8FF2-7A0C3FCDFC48} = {20AF2DF3-F2E9-436E-BA4B-CE94C510E510}
		{401CC389-7E37-4233-AE25-ACAA1EA112EF} = {20AF2DF3-F2E9-436E-BA4B-CE94C510E510}
		{CBCAA7AE-FDB9-44CA-BAE0-713E7BA308B7} = {216801A8-02DC-4AF4-9448-E13902585583}
		{92D5D433-ED0F-4618-AE59-09400959D683} = {20AF2DF3-F2E9-436E-BA4B-CE94C510E510}
		{EB69FC7C-1F09-49BD-9439-3D03CC6A3A56} = {92D5D433-ED0F-4618-AE59-09400959D683}
		{D05AAB2C-DBFA-441F-A6EB-8A4022170CF4} = {20AF2DF3-F2E9-436E-BA4B-CE94C510E510}
		{103B4A55-CC90-4F4A-ABDE-B1220FD9E1A9} = {D05AAB2C-DBFA-441F-A6EB-8A4022170CF4}
		{10CB5528-9824-42D7-A52E-95463A3CEA05} = {103B4A55-CC90-4F4A-ABDE-B1220FD9E1A9}
		{A61F798B-B910-4DFE-8D00-B19B290AFDED} = {103B4A55-CC90-4F4A-ABDE-B1220FD9E1A9}
		{5AE8DCA0-484F-4E69-BDDF-A2950F7011FD} = {20AF2DF3-F2E9-436E-BA4B-CE94C510E510}
		{FDD2BE46-D3F9-4677-8408-BA0A94F8A55C} = {5AE8DCA0-484F-4E69-BDDF-A2950F7011FD}
		{6D5681B1-2C84-4A08-BF65-BC84EA35D5BF} = {5AE8DCA0-484F-4E69-BDDF-A2950F7011FD}
		{89C89792-41EA-4E3A-87DF-0CCEB7CE31C8} = {216801A8-02DC-4AF4-9448-E13902585583}
		{4629A199-B115-4C86-888C-9E28DB163BA9} = {89C89792-41EA-4E3A-87DF-0CCEB7CE31C8}
		{49329F99-3BEB-47C1-A4CF-699B5FEB774D} = {5AE8DCA0-484F-4E69-BDDF-A2950F7011FD}
		{E55F548B-C24D-4E1D-9D3C-D491D63A1E89} = {89C89792-41EA-4E3A-87DF-0CCEB7CE31C8}
		{7E715367-B56C-4530-BFAC-DC258C7A7299} = {D05AAB2C-DBFA-441F-A6EB-8A4022170CF4}
		{5D4F14CD-A269-468C-96F9-7DCBFE7A902D} = {7E715367-B56C-4530-BFAC-DC258C7A7299}
		{9095841F-6AEC-48C5-9FE9-D7DD313F5E3D} = {7E715367-B56C-4530-BFAC-DC258C7A7299}
		{2D3F99D6-55C3-4C2C-A5A9-966948F915A0} = {D05AAB2C-DBFA-441F-A6EB-8A4022170CF4}
		{E7C1A908-7922-482F-8946-EE3EB6156DBA} = {2D3F99D6-55C3-4C2C-A5A9-966948F915A0}
		{D9D83FE7-99E9-4D9B-8820-B524440151C3} = {2D3F99D6-55C3-4C2C-A5A9-966948F915A0}
		{FF443D66-E89F-4195-80BA-0B49DD8C4CDD} = {2D3F99D6-55C3-4C2C-A5A9-966948F915A0}
		{423E2563-912D-4AFD-8E77-02F5D8A03C29} = {20AF2DF3-F2E9-436E-BA4B-CE94C510E510}
		{34594FCE-6AD5-4FEA-AD11-3E1F35EC7D74} = {20AF2DF3-F2E9-436E-BA4B-CE94C510E510}
		{817C804E-A234-4B8D-8218-E63DD3073EC8} = {216801A8-02DC-4AF4-9448-E13902585583}
		{7CDCDF0A-EF0B-4393-8F79-10F30A3C202C} = {20AF2DF3-F2E9-436E-BA4B-CE94C510E510}
		{875316B4-23E2-4FFD-BDCD-27E2B65129B6} = {34594FCE-6AD5-4FEA-AD11-3E1F35EC7D74}
		{26E1ABBD-04D8-410C-A7F7-7992E5489DA9} = {34594FCE-6AD5-4FEA-AD11-3E1F35EC7D74}
		{04716B4F-3EF4-48DD-B613-F473455BA8F3} = {34594FCE-6AD5-4FEA-AD11-3E1F35EC7D74}
		{2484DAEC-5C05-4ADC-A5AF-0967D14A1D91} = {216801A8-02DC-4AF4-9448-E13902585583}
		{86FAF7AF-51E9-428F-A857-02F92B4E354F} = {2484DAEC-5C05-4ADC-A5AF-0967D14A1D91}
		{4B37AA6B-7BDE-4638-9B9A-6690E6E34BD5} = {34594FCE-6AD5-4FEA-AD11-3E1F35EC7D74}
		{91B9AAB3-A77F-4F76-989F-434F0AD83060} = {34594FCE-6AD5-4FEA-AD11-3E1F35EC7D74}
		{57EB875D-F0D3-40AB-9E17-04E07E11F716} = {2484DAEC-5C05-4ADC-A5AF-0967D14A1D91}
		{88B2305D-2399-4389-A131-3C802E183EF4} = {34594FCE-6AD5-4FEA-AD11-3E1F35EC7D74}
		{F67F8961-1A99-45F7-A5F8-9B0C83527F20} = {34594FCE-6AD5-4FEA-AD11-3E1F35EC7D74}
		{6235532F-96A1-41B0-BE54-D071D3DAFBD8} = {34594FCE-6AD5-4FEA-AD11-3E1F35EC7D74}
		{8C87449F-ECA7-4D59-88D8-CD5CD28D2F9E} = {34594FCE-6AD5-4FEA-AD11-3E1F35EC7D74}
		{595F1E04-9A34-45D3-8EE1-4A3C6EE189F5} = {34594FCE-6AD5-4FEA-AD11-3E1F35EC7D74}
		{21E683D6-BB65-4AF9-8C33-DA48C7932518} = {34594FCE-6AD5-4FEA-AD11-3E1F35EC7D74}
		{57BE6CB1-C051-4D12-ACF0-0358EF51084F} = {7120E109-21F0-4279-9631-DC59B751B826}
		{7897FA0C-6D6B-4F7F-95EB-1A7510506603} = {7120E109-21F0-4279-9631-DC59B751B826}
		{AF53B194-2C4C-4AA2-982D-0EAD040BA307} = {34594FCE-6AD5-4FEA-AD11-3E1F35EC7D74}
		{0D7F5EF7-F23C-4C96-B41D-E143C3C0221D} = {216801A8-02DC-4AF4-9448-E13902585583}
		{FFFA6B40-DD12-435F-84A6-1D4CCF689A8E} = {216801A8-02DC-4AF4-9448-E13902585583}
		{05482858-D633-4008-9BD6-DBD1CC5F1EDD} = {FFFA6B40-DD12-435F-84A6-1D4CCF689A8E}
		{EA32AD16-E092-423B-9DAE-E24E6CA38435} = {20AF2DF3-F2E9-436E-BA4B-CE94C510E510}
		{9790D8E5-1E37-434B-A159-576035E24A15} = {EA32AD16-E092-423B-9DAE-E24E6CA38435}
		{B363427E-17B7-4CD8-A9D0-3AEA9A02E338} = {20AF2DF3-F2E9-436E-BA4B-CE94C510E510}
		{7033C3D9-E4A0-46FE-8017-9DE6F10ECF3E} = {216801A8-02DC-4AF4-9448-E13902585583}
		{C14F7855-E358-4482-8624-52CB57189B79} = {20AF2DF3-F2E9-436E-BA4B-CE94C510E510}
		{9294B993-7142-4EA7-AB86-6C805CA09942} = {20AF2DF3-F2E9-436E-BA4B-CE94C510E510}
		{DA71DC8B-C6F9-4C66-9DFF-8D156DC17B75} = {9294B993-7142-4EA7-AB86-6C805CA09942}
		{AA16A2AA-9121-4151-BA58-EC44ACBE67BA} = {9294B993-7142-4EA7-AB86-6C805CA09942}
		{2C0109F2-B0FB-4186-B30E-AB1C409736EF} = {216801A8-02DC-4AF4-9448-E13902585583}
		{97AE9B76-0CA9-48FC-AC70-540B3208AF5F} = {2C0109F2-B0FB-4186-B30E-AB1C409736EF}
		{F4EF8BC5-946B-4107-91C1-CB2F970D1CCD} = {216801A8-02DC-4AF4-9448-E13902585583}
		{3F34FB44-6ECB-40C2-B575-7CE1F44B891F} = {D05AAB2C-DBFA-441F-A6EB-8A4022170CF4}
		{FC50EFB7-D3A2-41F5-9832-925E289B0CB3} = {3F34FB44-6ECB-40C2-B575-7CE1F44B891F}
		{8E51B54C-A670-4607-8F46-5C628F46FD51} = {3F34FB44-6ECB-40C2-B575-7CE1F44B891F}
		{114489C0-D99D-422B-B79C-7700C786CC48} = {216801A8-02DC-4AF4-9448-E13902585583}
		{2CE3FE5B-4265-41A1-81F5-E815CE50571D} = {114489C0-D99D-422B-B79C-7700C786CC48}
		{F62344AF-4EBC-44DB-A812-2C2FCB204349} = {114489C0-D99D-422B-B79C-7700C786CC48}
	EndGlobalSection
EndGlobal
