
Microsoft Visual Studio Solution File, Format Version 12.00
# Visual Studio Version 17
VisualStudioVersion = 17.5.33414.496
MinimumVisualStudioVersion = 10.0.40219.1
Project("{9A19103F-16F7-4668-BE54-9A1E7A4F7556}") = "SpeedBoot.System", "src\SpeedBoot.System\SpeedBoot.System.csproj", "{97D7F8FE-DEC8-4336-9E3C-25EA90B0251B}"
EndProject
Project("{2150E333-8FDC-42A3-9474-1A3956D46DE8}") = "solution items", "solution items", "{9EBF767D-3E8F-42F4-AF87-554DC0B20FF1}"
	ProjectSection(SolutionItems) = preProject
		.editorconfig = .editorconfig
		.gitignore = .gitignore
		Directory.Build.props = Directory.Build.props
		LICENSE.md = LICENSE.md
		packageIcon.png = packageIcon.png
		README.md = README.md
	EndProjectSection
EndProject
Project("{2150E333-8FDC-42A3-9474-1A3956D46DE8}") = "src", "src", "{20AF2DF3-F2E9-436E-BA4B-CE94C510E510}"
EndProject
Project("{9A19103F-16F7-4668-BE54-9A1E7A4F7556}") = "SpeedBoot.SourceGenerator", "src\SpeedBoot.SourceGenerator\SpeedBoot.SourceGenerator.csproj", "{CAD2A17D-391E-4D5C-AE9F-A4F0815536D2}"
EndProject
Project("{2150E333-8FDC-42A3-9474-1A3956D46DE8}") = "test", "test", "{216801A8-02DC-4AF4-9448-E13902585583}"
EndProject
Project("{FAE04EC0-301F-11D3-BF4B-00C04F79EFBC}") = "SpeedBoot.System.Tests", "test\SpeedBoot.System.Tests\SpeedBoot.System.Tests.csproj", "{FDDD0431-FEF6-4F7A-BEC3-1730156C4412}"
EndProject
Project("{FAE04EC0-301F-11D3-BF4B-00C04F79EFBC}") = "SpeedBoot.AspNetCore", "src\SpeedBoot.AspNetCore\SpeedBoot.AspNetCore.csproj", "{7F12A07A-84EA-43ED-8FF2-7A0C3FCDFC48}"
EndProject
Project("{2150E333-8FDC-42A3-9474-1A3956D46DE8}") = "DependencyInjection", "DependencyInjection", "{103B4A55-CC90-4F4A-ABDE-B1220FD9E1A9}"
EndProject
Project("{FAE04EC0-301F-11D3-BF4B-00C04F79EFBC}") = "SpeedBoot.Extensions.DependencyInjection.Tests", "test\SpeedBoot.Extensions.DependencyInjection.Tests\SpeedBoot.Extensions.DependencyInjection.Tests.csproj", "{C89872F7-EFF7-4C89-AD18-6A87E46232BC}"
EndProject
Project("{FAE04EC0-301F-11D3-BF4B-00C04F79EFBC}") = "SpeedBoot.Core", "src\SpeedBoot.Core\SpeedBoot.Core.csproj", "{401CC389-7E37-4233-AE25-ACAA1EA112EF}"
EndProject
Project("{FAE04EC0-301F-11D3-BF4B-00C04F79EFBC}") = "SpeedBoot.Core.Tests", "test\SpeedBoot.Core.Tests\SpeedBoot.Core.Tests.csproj", "{CBCAA7AE-FDB9-44CA-BAE0-713E7BA308B7}"
EndProject
Project("{2150E333-8FDC-42A3-9474-1A3956D46DE8}") = "Security", "Security", "{92D5D433-ED0F-4618-AE59-09400959D683}"
EndProject
Project("{FAE04EC0-301F-11D3-BF4B-00C04F79EFBC}") = "SpeedBoot.Security.Cryptography", "src\Security\SpeedBoot.Security.Cryptography\SpeedBoot.Security.Cryptography.csproj", "{EB69FC7C-1F09-49BD-9439-3D03CC6A3A56}"
EndProject
Project("{FAE04EC0-301F-11D3-BF4B-00C04F79EFBC}") = "WebApplication1", "WebApplication1\WebApplication1.csproj", "{01C1D6F5-9684-479C-857A-BE47E68EE021}"
EndProject
Project("{2150E333-8FDC-42A3-9474-1A3956D46DE8}") = "Extensions", "Extensions", "{D05AAB2C-DBFA-441F-A6EB-8A4022170CF4}"
EndProject
Project("{FAE04EC0-301F-11D3-BF4B-00C04F79EFBC}") = "SpeedBoot.Extensions.Configuration", "src\Extensions\SpeedBoot.Extensions.Configuration\SpeedBoot.Extensions.Configuration.csproj", "{5D4F14CD-A269-468C-96F9-7DCBFE7A902D}"
EndProject
Project("{FAE04EC0-301F-11D3-BF4B-00C04F79EFBC}") = "SpeedBoot.Extensions.DependencyInjection.Abstractions", "src\Extensions\SpeedBoot.Extensions.DependencyInjection.Abstractions\SpeedBoot.Extensions.DependencyInjection.Abstractions.csproj", "{10CB5528-9824-42D7-A52E-95463A3CEA05}"
EndProject
Project("{FAE04EC0-301F-11D3-BF4B-00C04F79EFBC}") = "SpeedBoot.Extensions.DependencyInjection", "src\Extensions\SpeedBoot.Extensions.DependencyInjection\SpeedBoot.Extensions.DependencyInjection.csproj", "{A61F798B-B910-4DFE-8D00-B19B290AFDED}"
EndProject
Global
	GlobalSection(SolutionConfigurationPlatforms) = preSolution
		Debug|Any CPU = Debug|Any CPU
		Release|Any CPU = Release|Any CPU
	EndGlobalSection
	GlobalSection(ProjectConfigurationPlatforms) = postSolution
		{97D7F8FE-DEC8-4336-9E3C-25EA90B0251B}.Debug|Any CPU.ActiveCfg = Debug|Any CPU
		{97D7F8FE-DEC8-4336-9E3C-25EA90B0251B}.Debug|Any CPU.Build.0 = Debug|Any CPU
		{97D7F8FE-DEC8-4336-9E3C-25EA90B0251B}.Release|Any CPU.ActiveCfg = Release|Any CPU
		{97D7F8FE-DEC8-4336-9E3C-25EA90B0251B}.Release|Any CPU.Build.0 = Release|Any CPU
		{CAD2A17D-391E-4D5C-AE9F-A4F0815536D2}.Debug|Any CPU.ActiveCfg = Debug|Any CPU
		{CAD2A17D-391E-4D5C-AE9F-A4F0815536D2}.Debug|Any CPU.Build.0 = Debug|Any CPU
		{CAD2A17D-391E-4D5C-AE9F-A4F0815536D2}.Release|Any CPU.ActiveCfg = Release|Any CPU
		{CAD2A17D-391E-4D5C-AE9F-A4F0815536D2}.Release|Any CPU.Build.0 = Release|Any CPU
		{FDDD0431-FEF6-4F7A-BEC3-1730156C4412}.Debug|Any CPU.ActiveCfg = Debug|Any CPU
		{FDDD0431-FEF6-4F7A-BEC3-1730156C4412}.Debug|Any CPU.Build.0 = Debug|Any CPU
		{FDDD0431-FEF6-4F7A-BEC3-1730156C4412}.Release|Any CPU.ActiveCfg = Release|Any CPU
		{FDDD0431-FEF6-4F7A-BEC3-1730156C4412}.Release|Any CPU.Build.0 = Release|Any CPU
		{7F12A07A-84EA-43ED-8FF2-7A0C3FCDFC48}.Debug|Any CPU.ActiveCfg = Debug|Any CPU
		{7F12A07A-84EA-43ED-8FF2-7A0C3FCDFC48}.Debug|Any CPU.Build.0 = Debug|Any CPU
		{7F12A07A-84EA-43ED-8FF2-7A0C3FCDFC48}.Release|Any CPU.ActiveCfg = Release|Any CPU
		{7F12A07A-84EA-43ED-8FF2-7A0C3FCDFC48}.Release|Any CPU.Build.0 = Release|Any CPU
		{C89872F7-EFF7-4C89-AD18-6A87E46232BC}.Debug|Any CPU.ActiveCfg = Debug|Any CPU
		{C89872F7-EFF7-4C89-AD18-6A87E46232BC}.Debug|Any CPU.Build.0 = Debug|Any CPU
		{C89872F7-EFF7-4C89-AD18-6A87E46232BC}.Release|Any CPU.ActiveCfg = Release|Any CPU
		{C89872F7-EFF7-4C89-AD18-6A87E46232BC}.Release|Any CPU.Build.0 = Release|Any CPU
		{401CC389-7E37-4233-AE25-ACAA1EA112EF}.Debug|Any CPU.ActiveCfg = Debug|Any CPU
		{401CC389-7E37-4233-AE25-ACAA1EA112EF}.Debug|Any CPU.Build.0 = Debug|Any CPU
		{401CC389-7E37-4233-AE25-ACAA1EA112EF}.Release|Any CPU.ActiveCfg = Release|Any CPU
		{401CC389-7E37-4233-AE25-ACAA1EA112EF}.Release|Any CPU.Build.0 = Release|Any CPU
		{CBCAA7AE-FDB9-44CA-BAE0-713E7BA308B7}.Debug|Any CPU.ActiveCfg = Debug|Any CPU
		{CBCAA7AE-FDB9-44CA-BAE0-713E7BA308B7}.Debug|Any CPU.Build.0 = Debug|Any CPU
		{CBCAA7AE-FDB9-44CA-BAE0-713E7BA308B7}.Release|Any CPU.ActiveCfg = Release|Any CPU
		{CBCAA7AE-FDB9-44CA-BAE0-713E7BA308B7}.Release|Any CPU.Build.0 = Release|Any CPU
		{EB69FC7C-1F09-49BD-9439-3D03CC6A3A56}.Debug|Any CPU.ActiveCfg = Debug|Any CPU
		{EB69FC7C-1F09-49BD-9439-3D03CC6A3A56}.Debug|Any CPU.Build.0 = Debug|Any CPU
		{EB69FC7C-1F09-49BD-9439-3D03CC6A3A56}.Release|Any CPU.ActiveCfg = Release|Any CPU
		{EB69FC7C-1F09-49BD-9439-3D03CC6A3A56}.Release|Any CPU.Build.0 = Release|Any CPU
		{01C1D6F5-9684-479C-857A-BE47E68EE021}.Debug|Any CPU.ActiveCfg = Debug|Any CPU
		{01C1D6F5-9684-479C-857A-BE47E68EE021}.Debug|Any CPU.Build.0 = Debug|Any CPU
		{01C1D6F5-9684-479C-857A-BE47E68EE021}.Release|Any CPU.ActiveCfg = Release|Any CPU
		{01C1D6F5-9684-479C-857A-BE47E68EE021}.Release|Any CPU.Build.0 = Release|Any CPU
		{5D4F14CD-A269-468C-96F9-7DCBFE7A902D}.Debug|Any CPU.ActiveCfg = Debug|Any CPU
		{5D4F14CD-A269-468C-96F9-7DCBFE7A902D}.Debug|Any CPU.Build.0 = Debug|Any CPU
		{5D4F14CD-A269-468C-96F9-7DCBFE7A902D}.Release|Any CPU.ActiveCfg = Release|Any CPU
		{5D4F14CD-A269-468C-96F9-7DCBFE7A902D}.Release|Any CPU.Build.0 = Release|Any CPU
		{10CB5528-9824-42D7-A52E-95463A3CEA05}.Debug|Any CPU.ActiveCfg = Debug|Any CPU
		{10CB5528-9824-42D7-A52E-95463A3CEA05}.Debug|Any CPU.Build.0 = Debug|Any CPU
		{10CB5528-9824-42D7-A52E-95463A3CEA05}.Release|Any CPU.ActiveCfg = Release|Any CPU
		{10CB5528-9824-42D7-A52E-95463A3CEA05}.Release|Any CPU.Build.0 = Release|Any CPU
		{A61F798B-B910-4DFE-8D00-B19B290AFDED}.Debug|Any CPU.ActiveCfg = Debug|Any CPU
		{A61F798B-B910-4DFE-8D00-B19B290AFDED}.Debug|Any CPU.Build.0 = Debug|Any CPU
		{A61F798B-B910-4DFE-8D00-B19B290AFDED}.Release|Any CPU.ActiveCfg = Release|Any CPU
		{A61F798B-B910-4DFE-8D00-B19B290AFDED}.Release|Any CPU.Build.0 = Release|Any CPU
	EndGlobalSection
	GlobalSection(SolutionProperties) = preSolution
		HideSolutionNode = FALSE
	EndGlobalSection
	GlobalSection(NestedProjects) = preSolution
		{97D7F8FE-DEC8-4336-9E3C-25EA90B0251B} = {20AF2DF3-F2E9-436E-BA4B-CE94C510E510}
		{CAD2A17D-391E-4D5C-AE9F-A4F0815536D2} = {20AF2DF3-F2E9-436E-BA4B-CE94C510E510}
		{FDDD0431-FEF6-4F7A-BEC3-1730156C4412} = {216801A8-02DC-4AF4-9448-E13902585583}
		{7F12A07A-84EA-43ED-8FF2-7A0C3FCDFC48} = {20AF2DF3-F2E9-436E-BA4B-CE94C510E510}
		{C89872F7-EFF7-4C89-AD18-6A87E46232BC} = {216801A8-02DC-4AF4-9448-E13902585583}
		{401CC389-7E37-4233-AE25-ACAA1EA112EF} = {20AF2DF3-F2E9-436E-BA4B-CE94C510E510}
		{CBCAA7AE-FDB9-44CA-BAE0-713E7BA308B7} = {216801A8-02DC-4AF4-9448-E13902585583}
		{92D5D433-ED0F-4618-AE59-09400959D683} = {20AF2DF3-F2E9-436E-BA4B-CE94C510E510}
		{EB69FC7C-1F09-49BD-9439-3D03CC6A3A56} = {92D5D433-ED0F-4618-AE59-09400959D683}
		{D05AAB2C-DBFA-441F-A6EB-8A4022170CF4} = {20AF2DF3-F2E9-436E-BA4B-CE94C510E510}
		{103B4A55-CC90-4F4A-ABDE-B1220FD9E1A9} = {D05AAB2C-DBFA-441F-A6EB-8A4022170CF4}
		{5D4F14CD-A269-468C-96F9-7DCBFE7A902D} = {D05AAB2C-DBFA-441F-A6EB-8A4022170CF4}
		{10CB5528-9824-42D7-A52E-95463A3CEA05} = {103B4A55-CC90-4F4A-ABDE-B1220FD9E1A9}
		{A61F798B-B910-4DFE-8D00-B19B290AFDED} = {103B4A55-CC90-4F4A-ABDE-B1220FD9E1A9}
	EndGlobalSection
EndGlobal
