
Microsoft Visual Studio Solution File, Format Version 12.00
Project("{FAE04EC0-301F-11D3-BF4B-00C04F79EFBC}") = "Speed.System", "src\Speed.System\Speed.System.csproj", "{97D7F8FE-DEC8-4336-9E3C-25EA90B0251B}"
EndProject
Project("{2150E333-8FDC-42A3-9474-1A3956D46DE8}") = "solution items", "solution items", "{9EBF767D-3E8F-42F4-AF87-554DC0B20FF1}"
	ProjectSection(SolutionItems) = preProject
		Directory.Build.props = Directory.Build.props
		packageIcon.png = packageIcon.png
		LICENSE.md = LICENSE.md
		.editorconfig = .editorconfig
		.gitignore = .gitignore
	EndProjectSection
EndProject
Project("{2150E333-8FDC-42A3-9474-1A3956D46DE8}") = "src", "src", "{20AF2DF3-F2E9-436E-BA4B-CE94C510E510}"
EndProject
Global
	GlobalSection(SolutionConfigurationPlatforms) = preSolution
		Debug|Any CPU = Debug|Any CPU
		Release|Any CPU = Release|Any CPU
	EndGlobalSection
	GlobalSection(ProjectConfigurationPlatforms) = postSolution
		{97D7F8FE-DEC8-4336-9E3C-25EA90B0251B}.Debug|Any CPU.ActiveCfg = Debug|Any CPU
		{97D7F8FE-DEC8-4336-9E3C-25EA90B0251B}.Debug|Any CPU.Build.0 = Debug|Any CPU
		{97D7F8FE-DEC8-4336-9E3C-25EA90B0251B}.Release|Any CPU.ActiveCfg = Release|Any CPU
		{97D7F8FE-DEC8-4336-9E3C-25EA90B0251B}.Release|Any CPU.Build.0 = Release|Any CPU
	EndGlobalSection
	GlobalSection(NestedProjects) = preSolution
		{97D7F8FE-DEC8-4336-9E3C-25EA90B0251B} = {20AF2DF3-F2E9-436E-BA4B-CE94C510E510}
	EndGlobalSection
EndGlobal
